// !$*UTF8*$!
{
	archiveVersion = 1;
	classes = {
	};
	objectVersion = 50;
	objects = {

/* Begin PBXBuildFile section */
		6D77A59821A55511007E0D4C /* PresentedViewController.swift in Sources */ = {isa = PBXBuildFile; fileRef = 6D77A59721A55511007E0D4C /* PresentedViewController.swift */; };
		6D77A59C21A6A563007E0D4C /* WindowViewController.swift in Sources */ = {isa = PBXBuildFile; fileRef = 6D77A59B21A6A563007E0D4C /* WindowViewController.swift */; };
		6D78475721A2AEEF0045B98E /* AppDelegate.swift in Sources */ = {isa = PBXBuildFile; fileRef = 6D78475621A2AEEF0045B98E /* AppDelegate.swift */; };
		6D78475921A2AEEF0045B98E /* ViewController.swift in Sources */ = {isa = PBXBuildFile; fileRef = 6D78475821A2AEEF0045B98E /* ViewController.swift */; };
		6D78475C21A2AEEF0045B98E /* Main.storyboard in Resources */ = {isa = PBXBuildFile; fileRef = 6D78475A21A2AEEF0045B98E /* Main.storyboard */; };
		6D78475E21A2AEF10045B98E /* Assets.xcassets in Resources */ = {isa = PBXBuildFile; fileRef = 6D78475D21A2AEF10045B98E /* Assets.xcassets */; };
		6D78476121A2AEF10045B98E /* LaunchScreen.storyboard in Resources */ = {isa = PBXBuildFile; fileRef = 6D78475F21A2AEF10045B98E /* LaunchScreen.storyboard */; };
		6D78476C21A2AEF10045B98E /* LifeCycleDemoTests.swift in Sources */ = {isa = PBXBuildFile; fileRef = 6D78476B21A2AEF10045B98E /* LifeCycleDemoTests.swift */; };
		6D78477721A2AEF10045B98E /* LifeCycleDemoUITests.swift in Sources */ = {isa = PBXBuildFile; fileRef = 6D78477621A2AEF10045B98E /* LifeCycleDemoUITests.swift */; };
/* End PBXBuildFile section */

/* Begin PBXContainerItemProxy section */
		6D78476821A2AEF10045B98E /* PBXContainerItemProxy */ = {
			isa = PBXContainerItemProxy;
			containerPortal = 6D78474B21A2AEEF0045B98E /* Project object */;
			proxyType = 1;
			remoteGlobalIDString = 6D78475221A2AEEF0045B98E;
			remoteInfo = LifeCycleDemo;
		};
		6D78477321A2AEF10045B98E /* PBXContainerItemProxy */ = {
			isa = PBXContainerItemProxy;
			containerPortal = 6D78474B21A2AEEF0045B98E /* Project object */;
			proxyType = 1;
			remoteGlobalIDString = 6D78475221A2AEEF0045B98E;
			remoteInfo = LifeCycleDemo;
		};
/* End PBXContainerItemProxy section */

/* Begin PBXFileReference section */
		6D77A59721A55511007E0D4C /* PresentedViewController.swift */ = {isa = PBXFileReference; lastKnownFileType = sourcecode.swift; path = PresentedViewController.swift; sourceTree = "<group>"; };
		6D77A59B21A6A563007E0D4C /* WindowViewController.swift */ = {isa = PBXFileReference; lastKnownFileType = sourcecode.swift; path = WindowViewController.swift; sourceTree = "<group>"; };
		6D78475321A2AEEF0045B98E /* LifeCycleDemo.app */ = {isa = PBXFileReference; explicitFileType = wrapper.application; includeInIndex = 0; path = LifeCycleDemo.app; sourceTree = BUILT_PRODUCTS_DIR; };
		6D78475621A2AEEF0045B98E /* AppDelegate.swift */ = {isa = PBXFileReference; lastKnownFileType = sourcecode.swift; path = AppDelegate.swift; sourceTree = "<group>"; };
		6D78475821A2AEEF0045B98E /* ViewController.swift */ = {isa = PBXFileReference; lastKnownFileType = sourcecode.swift; path = ViewController.swift; sourceTree = "<group>"; };
		6D78475B21A2AEEF0045B98E /* Base */ = {isa = PBXFileReference; lastKnownFileType = file.storyboard; name = Base; path = Base.lproj/Main.storyboard; sourceTree = "<group>"; };
		6D78475D21A2AEF10045B98E /* Assets.xcassets */ = {isa = PBXFileReference; lastKnownFileType = folder.assetcatalog; path = Assets.xcassets; sourceTree = "<group>"; };
		6D78476021A2AEF10045B98E /* Base */ = {isa = PBXFileReference; lastKnownFileType = file.storyboard; name = Base; path = Base.lproj/LaunchScreen.storyboard; sourceTree = "<group>"; };
		6D78476221A2AEF10045B98E /* Info.plist */ = {isa = PBXFileReference; lastKnownFileType = text.plist.xml; path = Info.plist; sourceTree = "<group>"; };
		6D78476721A2AEF10045B98E /* LifeCycleDemoTests.xctest */ = {isa = PBXFileReference; explicitFileType = wrapper.cfbundle; includeInIndex = 0; path = LifeCycleDemoTests.xctest; sourceTree = BUILT_PRODUCTS_DIR; };
		6D78476B21A2AEF10045B98E /* LifeCycleDemoTests.swift */ = {isa = PBXFileReference; lastKnownFileType = sourcecode.swift; path = LifeCycleDemoTests.swift; sourceTree = "<group>"; };
		6D78476D21A2AEF10045B98E /* Info.plist */ = {isa = PBXFileReference; lastKnownFileType = text.plist.xml; path = Info.plist; sourceTree = "<group>"; };
		6D78477221A2AEF10045B98E /* LifeCycleDemoUITests.xctest */ = {isa = PBXFileReference; explicitFileType = wrapper.cfbundle; includeInIndex = 0; path = LifeCycleDemoUITests.xctest; sourceTree = BUILT_PRODUCTS_DIR; };
		6D78477621A2AEF10045B98E /* LifeCycleDemoUITests.swift */ = {isa = PBXFileReference; lastKnownFileType = sourcecode.swift; path = LifeCycleDemoUITests.swift; sourceTree = "<group>"; };
		6D78477821A2AEF10045B98E /* Info.plist */ = {isa = PBXFileReference; lastKnownFileType = text.plist.xml; path = Info.plist; sourceTree = "<group>"; };
/* End PBXFileReference section */

/* Begin PBXFrameworksBuildPhase section */
		6D78475021A2AEEF0045B98E /* Frameworks */ = {
			isa = PBXFrameworksBuildPhase;
			buildActionMask = 2147483647;
			files = (
			);
			runOnlyForDeploymentPostprocessing = 0;
		};
		6D78476421A2AEF10045B98E /* Frameworks */ = {
			isa = PBXFrameworksBuildPhase;
			buildActionMask = 2147483647;
			files = (
			);
			runOnlyForDeploymentPostprocessing = 0;
		};
		6D78476F21A2AEF10045B98E /* Frameworks */ = {
			isa = PBXFrameworksBuildPhase;
			buildActionMask = 2147483647;
			files = (
			);
			runOnlyForDeploymentPostprocessing = 0;
		};
/* End PBXFrameworksBuildPhase section */

/* Begin PBXGroup section */
		6D78474A21A2AEEF0045B98E = {
			isa = PBXGroup;
			children = (
				6D78475521A2AEEF0045B98E /* LifeCycleDemo */,
				6D78476A21A2AEF10045B98E /* LifeCycleDemoTests */,
				6D78477521A2AEF10045B98E /* LifeCycleDemoUITests */,
				6D78475421A2AEEF0045B98E /* Products */,
			);
			sourceTree = "<group>";
		};
		6D78475421A2AEEF0045B98E /* Products */ = {
			isa = PBXGroup;
			children = (
				6D78475321A2AEEF0045B98E /* LifeCycleDemo.app */,
				6D78476721A2AEF10045B98E /* LifeCycleDemoTests.xctest */,
				6D78477221A2AEF10045B98E /* LifeCycleDemoUITests.xctest */,
			);
			name = Products;
			sourceTree = "<group>";
		};
		6D78475521A2AEEF0045B98E /* LifeCycleDemo */ = {
			isa = PBXGroup;
			children = (
				6D78475621A2AEEF0045B98E /* AppDelegate.swift */,
				6D78475821A2AEEF0045B98E /* ViewController.swift */,
				6D77A59721A55511007E0D4C /* PresentedViewController.swift */,
				6D77A59B21A6A563007E0D4C /* WindowViewController.swift */,
				6D78475A21A2AEEF0045B98E /* Main.storyboard */,
				6D78475D21A2AEF10045B98E /* Assets.xcassets */,
				6D78475F21A2AEF10045B98E /* LaunchScreen.storyboard */,
				6D78476221A2AEF10045B98E /* Info.plist */,
			);
			path = LifeCycleDemo;
			sourceTree = "<group>";
		};
		6D78476A21A2AEF10045B98E /* LifeCycleDemoTests */ = {
			isa = PBXGroup;
			children = (
				6D78476B21A2AEF10045B98E /* LifeCycleDemoTests.swift */,
				6D78476D21A2AEF10045B98E /* Info.plist */,
			);
			path = LifeCycleDemoTests;
			sourceTree = "<group>";
		};
		6D78477521A2AEF10045B98E /* LifeCycleDemoUITests */ = {
			isa = PBXGroup;
			children = (
				6D78477621A2AEF10045B98E /* LifeCycleDemoUITests.swift */,
				6D78477821A2AEF10045B98E /* Info.plist */,
			);
			path = LifeCycleDemoUITests;
			sourceTree = "<group>";
		};
/* End PBXGroup section */

/* Begin PBXNativeTarget section */
		6D78475221A2AEEF0045B98E /* LifeCycleDemo */ = {
			isa = PBXNativeTarget;
			buildConfigurationList = 6D78477B21A2AEF10045B98E /* Build configuration list for PBXNativeTarget "LifeCycleDemo" */;
			buildPhases = (
				6D78474F21A2AEEF0045B98E /* Sources */,
				6D78475021A2AEEF0045B98E /* Frameworks */,
				6D78475121A2AEEF0045B98E /* Resources */,
			);
			buildRules = (
			);
			dependencies = (
			);
			name = LifeCycleDemo;
			productName = LifeCycleDemo;
			productReference = 6D78475321A2AEEF0045B98E /* LifeCycleDemo.app */;
			productType = "com.apple.product-type.application";
		};
		6D78476621A2AEF10045B98E /* LifeCycleDemoTests */ = {
			isa = PBXNativeTarget;
			buildConfigurationList = 6D78477E21A2AEF10045B98E /* Build configuration list for PBXNativeTarget "LifeCycleDemoTests" */;
			buildPhases = (
				6D78476321A2AEF10045B98E /* Sources */,
				6D78476421A2AEF10045B98E /* Frameworks */,
				6D78476521A2AEF10045B98E /* Resources */,
			);
			buildRules = (
			);
			dependencies = (
				6D78476921A2AEF10045B98E /* PBXTargetDependency */,
			);
			name = LifeCycleDemoTests;
			productName = LifeCycleDemoTests;
			productReference = 6D78476721A2AEF10045B98E /* LifeCycleDemoTests.xctest */;
			productType = "com.apple.product-type.bundle.unit-test";
		};
		6D78477121A2AEF10045B98E /* LifeCycleDemoUITests */ = {
			isa = PBXNativeTarget;
			buildConfigurationList = 6D78478121A2AEF10045B98E /* Build configuration list for PBXNativeTarget "LifeCycleDemoUITests" */;
			buildPhases = (
				6D78476E21A2AEF10045B98E /* Sources */,
				6D78476F21A2AEF10045B98E /* Frameworks */,
				6D78477021A2AEF10045B98E /* Resources */,
			);
			buildRules = (
			);
			dependencies = (
				6D78477421A2AEF10045B98E /* PBXTargetDependency */,
			);
			name = LifeCycleDemoUITests;
			productName = LifeCycleDemoUITests;
			productReference = 6D78477221A2AEF10045B98E /* LifeCycleDemoUITests.xctest */;
			productType = "com.apple.product-type.bundle.ui-testing";
		};
/* End PBXNativeTarget section */

/* Begin PBXProject section */
		6D78474B21A2AEEF0045B98E /* Project object */ = {
			isa = PBXProject;
			attributes = {
				LastSwiftUpdateCheck = 1010;
				LastUpgradeCheck = 1010;
				ORGANIZATIONNAME = "王瑞吉";
				TargetAttributes = {
					6D78475221A2AEEF0045B98E = {
						CreatedOnToolsVersion = 10.1;
					};
					6D78476621A2AEF10045B98E = {
						CreatedOnToolsVersion = 10.1;
						TestTargetID = 6D78475221A2AEEF0045B98E;
					};
					6D78477121A2AEF10045B98E = {
						CreatedOnToolsVersion = 10.1;
						TestTargetID = 6D78475221A2AEEF0045B98E;
					};
				};
			};
			buildConfigurationList = 6D78474E21A2AEEF0045B98E /* Build configuration list for PBXProject "LifeCycleDemo" */;
			compatibilityVersion = "Xcode 9.3";
			developmentRegion = en;
			hasScannedForEncodings = 0;
			knownRegions = (
				en,
				Base,
			);
			mainGroup = 6D78474A21A2AEEF0045B98E;
			productRefGroup = 6D78475421A2AEEF0045B98E /* Products */;
			projectDirPath = "";
			projectRoot = "";
			targets = (
				6D78475221A2AEEF0045B98E /* LifeCycleDemo */,
				6D78476621A2AEF10045B98E /* LifeCycleDemoTests */,
				6D78477121A2AEF10045B98E /* LifeCycleDemoUITests */,
			);
		};
/* End PBXProject section */

/* Begin PBXResourcesBuildPhase section */
		6D78475121A2AEEF0045B98E /* Resources */ = {
			isa = PBXResourcesBuildPhase;
			buildActionMask = 2147483647;
			files = (
				6D78476121A2AEF10045B98E /* LaunchScreen.storyboard in Resources */,
				6D78475E21A2AEF10045B98E /* Assets.xcassets in Resources */,
				6D78475C21A2AEEF0045B98E /* Main.storyboard in Resources */,
			);
			runOnlyForDeploymentPostprocessing = 0;
		};
		6D78476521A2AEF10045B98E /* Resources */ = {
			isa = PBXResourcesBuildPhase;
			buildActionMask = 2147483647;
			files = (
			);
			runOnlyForDeploymentPostprocessing = 0;
		};
		6D78477021A2AEF10045B98E /* Resources */ = {
			isa = PBXResourcesBuildPhase;
			buildActionMask = 2147483647;
			files = (
			);
			runOnlyForDeploymentPostprocessing = 0;
		};
/* End PBXResourcesBuildPhase section */

/* Begin PBXSourcesBuildPhase section */
		6D78474F21A2AEEF0045B98E /* Sources */ = {
			isa = PBXSourcesBuildPhase;
			buildActionMask = 2147483647;
			files = (
				6D77A59C21A6A563007E0D4C /* WindowViewController.swift in Sources */,
				6D78475921A2AEEF0045B98E /* ViewController.swift in Sources */,
				6D78475721A2AEEF0045B98E /* AppDelegate.swift in Sources */,
				6D77A59821A55511007E0D4C /* PresentedViewController.swift in Sources */,
			);
			runOnlyForDeploymentPostprocessing = 0;
		};
		6D78476321A2AEF10045B98E /* Sources */ = {
			isa = PBXSourcesBuildPhase;
			buildActionMask = 2147483647;
			files = (
				6D78476C21A2AEF10045B98E /* LifeCycleDemoTests.swift in Sources */,
			);
			runOnlyForDeploymentPostprocessing = 0;
		};
		6D78476E21A2AEF10045B98E /* Sources */ = {
			isa = PBXSourcesBuildPhase;
			buildActionMask = 2147483647;
			files = (
				6D78477721A2AEF10045B98E /* LifeCycleDemoUITests.swift in Sources */,
			);
			runOnlyForDeploymentPostprocessing = 0;
		};
/* End PBXSourcesBuildPhase section */

/* Begin PBXTargetDependency section */
		6D78476921A2AEF10045B98E /* PBXTargetDependency */ = {
			isa = PBXTargetDependency;
			target = 6D78475221A2AEEF0045B98E /* LifeCycleDemo */;
			targetProxy = 6D78476821A2AEF10045B98E /* PBXContainerItemProxy */;
		};
		6D78477421A2AEF10045B98E /* PBXTargetDependency */ = {
			isa = PBXTargetDependency;
			target = 6D78475221A2AEEF0045B98E /* LifeCycleDemo */;
			targetProxy = 6D78477321A2AEF10045B98E /* PBXContainerItemProxy */;
		};
/* End PBXTargetDependency section */

/* Begin PBXVariantGroup section */
		6D78475A21A2AEEF0045B98E /* Main.storyboard */ = {
			isa = PBXVariantGroup;
			children = (
				6D78475B21A2AEEF0045B98E /* Base */,
			);
			name = Main.storyboard;
			sourceTree = "<group>";
		};
		6D78475F21A2AEF10045B98E /* LaunchScreen.storyboard */ = {
			isa = PBXVariantGroup;
			children = (
				6D78476021A2AEF10045B98E /* Base */,
			);
			name = LaunchScreen.storyboard;
			sourceTree = "<group>";
		};
/* End PBXVariantGroup section */

/* Begin XCBuildConfiguration section */
		6D78477921A2AEF10045B98E /* Debug */ = {
			isa = XCBuildConfiguration;
			buildSettings = {
				ALWAYS_SEARCH_USER_PATHS = NO;
				CLANG_ANALYZER_NONNULL = YES;
				CLANG_ANALYZER_NUMBER_OBJECT_CONVERSION = YES_AGGRESSIVE;
				CLANG_CXX_LANGUAGE_STANDARD = "gnu++14";
				CLANG_CXX_LIBRARY = "libc++";
				CLANG_ENABLE_MODULES = YES;
				CLANG_ENABLE_OBJC_ARC = YES;
				CLANG_ENABLE_OBJC_WEAK = YES;
				CLANG_WARN_BLOCK_CAPTURE_AUTORELEASING = YES;
				CLANG_WARN_BOOL_CONVERSION = YES;
				CLANG_WARN_COMMA = YES;
				CLANG_WARN_CONSTANT_CONVERSION = YES;
				CLANG_WARN_DEPRECATED_OBJC_IMPLEMENTATIONS = YES;
				CLANG_WARN_DIRECT_OBJC_ISA_USAGE = YES_ERROR;
				CLANG_WARN_DOCUMENTATION_COMMENTS = YES;
				CLANG_WARN_EMPTY_BODY = YES;
				CLANG_WARN_ENUM_CONVERSION = YES;
				CLANG_WARN_INFINITE_RECURSION = YES;
				CLANG_WARN_INT_CONVERSION = YES;
				CLANG_WARN_NON_LITERAL_NULL_CONVERSION = YES;
				CLANG_WARN_OBJC_IMPLICIT_RETAIN_SELF = YES;
				CLANG_WARN_OBJC_LITERAL_CONVERSION = YES;
				CLANG_WARN_OBJC_ROOT_CLASS = YES_ERROR;
				CLANG_WARN_RANGE_LOOP_ANALYSIS = YES;
				CLANG_WARN_STRICT_PROTOTYPES = YES;
				CLANG_WARN_SUSPICIOUS_MOVE = YES;
				CLANG_WARN_UNGUARDED_AVAILABILITY = YES_AGGRESSIVE;
				CLANG_WARN_UNREACHABLE_CODE = YES;
				CLANG_WARN__DUPLICATE_METHOD_MATCH = YES;
				CODE_SIGN_IDENTITY = "iPhone Developer";
				COPY_PHASE_STRIP = NO;
				DEBUG_INFORMATION_FORMAT = dwarf;
				ENABLE_STRICT_OBJC_MSGSEND = YES;
				ENABLE_TESTABILITY = YES;
				GCC_C_LANGUAGE_STANDARD = gnu11;
				GCC_DYNAMIC_NO_PIC = NO;
				GCC_NO_COMMON_BLOCKS = YES;
				GCC_OPTIMIZATION_LEVEL = 0;
				GCC_PREPROCESSOR_DEFINITIONS = (
					"DEBUG=1",
					"$(inherited)",
				);
				GCC_WARN_64_TO_32_BIT_CONVERSION = YES;
				GCC_WARN_ABOUT_RETURN_TYPE = YES_ERROR;
				GCC_WARN_UNDECLARED_SELECTOR = YES;
				GCC_WARN_UNINITIALIZED_AUTOS = YES_AGGRESSIVE;
				GCC_WARN_UNUSED_FUNCTION = YES;
				GCC_WARN_UNUSED_VARIABLE = YES;
				IPHONEOS_DEPLOYMENT_TARGET = 12.1;
				MTL_ENABLE_DEBUG_INFO = INCLUDE_SOURCE;
				MTL_FAST_MATH = YES;
				ONLY_ACTIVE_ARCH = YES;
				SDKROOT = iphoneos;
				SWIFT_ACTIVE_COMPILATION_CONDITIONS = DEBUG;
				SWIFT_OPTIMIZATION_LEVEL = "-Onone";
			};
			name = Debug;
		};
		6D78477A21A2AEF10045B98E /* Release */ = {
			isa = XCBuildConfiguration;
			buildSettings = {
				ALWAYS_SEARCH_USER_PATHS = NO;
				CLANG_ANALYZER_NONNULL = YES;
				CLANG_ANALYZER_NUMBER_OBJECT_CONVERSION = YES_AGGRESSIVE;
				CLANG_CXX_LANGUAGE_STANDARD = "gnu++14";
				CLANG_CXX_LIBRARY = "libc++";
				CLANG_ENABLE_MODULES = YES;
				CLANG_ENABLE_OBJC_ARC = YES;
				CLANG_ENABLE_OBJC_WEAK = YES;
				CLANG_WARN_BLOCK_CAPTURE_AUTORELEASING = YES;
				CLANG_WARN_BOOL_CONVERSION = YES;
				CLANG_WARN_COMMA = YES;
				CLANG_WARN_CONSTANT_CONVERSION = YES;
				CLANG_WARN_DEPRECATED_OBJC_IMPLEMENTATIONS = YES;
				CLANG_WARN_DIRECT_OBJC_ISA_USAGE = YES_ERROR;
				CLANG_WARN_DOCUMENTATION_COMMENTS = YES;
				CLANG_WARN_EMPTY_BODY = YES;
				CLANG_WARN_ENUM_CONVERSION = YES;
				CLANG_WARN_INFINITE_RECURSION = YES;
				CLANG_WARN_INT_CONVERSION = YES;
				CLANG_WARN_NON_LITERAL_NULL_CONVERSION = YES;
				CLANG_WARN_OBJC_IMPLICIT_RETAIN_SELF = YES;
				CLANG_WARN_OBJC_LITERAL_CONVERSION = YES;
				CLANG_WARN_OBJC_ROOT_CLASS = YES_ERROR;
				CLANG_WARN_RANGE_LOOP_ANALYSIS = YES;
				CLANG_WARN_STRICT_PROTOTYPES = YES;
				CLANG_WARN_SUSPICIOUS_MOVE = YES;
				CLANG_WARN_UNGUARDED_AVAILABILITY = YES_AGGRESSIVE;
				CLANG_WARN_UNREACHABLE_CODE = YES;
				CLANG_WARN__DUPLICATE_METHOD_MATCH = YES;
				CODE_SIGN_IDENTITY = "iPhone Developer";
				COPY_PHASE_STRIP = NO;
				DEBUG_INFORMATION_FORMAT = "dwarf-with-dsym";
				ENABLE_NS_ASSERTIONS = NO;
				ENABLE_STRICT_OBJC_MSGSEND = YES;
				GCC_C_LANGUAGE_STANDARD = gnu11;
				GCC_NO_COMMON_BLOCKS = YES;
				GCC_WARN_64_TO_32_BIT_CONVERSION = YES;
				GCC_WARN_ABOUT_RETURN_TYPE = YES_ERROR;
				GCC_WARN_UNDECLARED_SELECTOR = YES;
				GCC_WARN_UNINITIALIZED_AUTOS = YES_AGGRESSIVE;
				GCC_WARN_UNUSED_FUNCTION = YES;
				GCC_WARN_UNUSED_VARIABLE = YES;
				IPHONEOS_DEPLOYMENT_TARGET = 12.1;
				MTL_ENABLE_DEBUG_INFO = NO;
				MTL_FAST_MATH = YES;
				SDKROOT = iphoneos;
				SWIFT_COMPILATION_MODE = wholemodule;
				SWIFT_OPTIMIZATION_LEVEL = "-O";
				VALIDATE_PRODUCT = YES;
			};
			name = Release;
		};
		6D78477C21A2AEF10045B98E /* Debug */ = {
			isa = XCBuildConfiguration;
			buildSettings = {
				ASSETCATALOG_COMPILER_APPICON_NAME = AppIcon;
				CODE_SIGN_STYLE = Automatic;
				DEVELOPMENT_TEAM = LMUDUW8WT6;
				INFOPLIST_FILE = LifeCycleDemo/Info.plist;
				LD_RUNPATH_SEARCH_PATHS = (
					"$(inherited)",
					"@executable_path/Frameworks",
				);
				PRODUCT_BUNDLE_IDENTIFIER = com.rickey.LifeCycleDemo;
				PRODUCT_NAME = "$(TARGET_NAME)";
				SWIFT_VERSION = 4.2;
				TARGETED_DEVICE_FAMILY = "1,2";
			};
			name = Debug;
		};
		6D78477D21A2AEF10045B98E /* Release */ = {
			isa = XCBuildConfiguration;
			buildSettings = {
				ASSETCATALOG_COMPILER_APPICON_NAME = AppIcon;
				CODE_SIGN_STYLE = Automatic;
				DEVELOPMENT_TEAM = LMUDUW8WT6;
				INFOPLIST_FILE = LifeCycleDemo/Info.plist;
				LD_RUNPATH_SEARCH_PATHS = (
					"$(inherited)",
					"@executable_path/Frameworks",
				);
				PRODUCT_BUNDLE_IDENTIFIER = com.rickey.LifeCycleDemo;
				PRODUCT_NAME = "$(TARGET_NAME)";
				SWIFT_VERSION = 4.2;
				TARGETED_DEVICE_FAMILY = "1,2";
			};
			name = Release;
		};
		6D78477F21A2AEF10045B98E /* Debug */ = {
			isa = XCBuildConfiguration;
			buildSettings = {
				ALWAYS_EMBED_SWIFT_STANDARD_LIBRARIES = YES;
				BUNDLE_LOADER = "$(TEST_HOST)";
				CODE_SIGN_STYLE = Automatic;
				INFOPLIST_FILE = LifeCycleDemoTests/Info.plist;
				LD_RUNPATH_SEARCH_PATHS = (
					"$(inherited)",
					"@executable_path/Frameworks",
					"@loader_path/Frameworks",
				);
				PRODUCT_BUNDLE_IDENTIFIER = com.rickey.LifeCycleDemoTests;
				PRODUCT_NAME = "$(TARGET_NAME)";
				SWIFT_VERSION = 4.2;
				TARGETED_DEVICE_FAMILY = "1,2";
				TEST_HOST = "$(BUILT_PRODUCTS_DIR)/LifeCycleDemo.app/LifeCycleDemo";
			};
			name = Debug;
		};
		6D78478021A2AEF10045B98E /* Release */ = {
			isa = XCBuildConfiguration;
			buildSettings = {
				ALWAYS_EMBED_SWIFT_STANDARD_LIBRARIES = YES;
				BUNDLE_LOADER = "$(TEST_HOST)";
				CODE_SIGN_STYLE = Automatic;
				INFOPLIST_FILE = LifeCycleDemoTests/Info.plist;
				LD_RUNPATH_SEARCH_PATHS = (
					"$(inherited)",
					"@executable_path/Frameworks",
					"@loader_path/Frameworks",
				);
				PRODUCT_BUNDLE_IDENTIFIER = com.rickey.LifeCycleDemoTests;
				PRODUCT_NAME = "$(TARGET_NAME)";
				SWIFT_VERSION = 4.2;
				TARGETED_DEVICE_FAMILY = "1,2";
				TEST_HOST = "$(BUILT_PRODUCTS_DIR)/LifeCycleDemo.app/LifeCycleDemo";
			};
			name = Release;
		};
		6D78478221A2AEF10045B98E /* Debug */ = {
			isa = XCBuildConfiguration;
			buildSettings = {
				ALWAYS_EMBED_SWIFT_STANDARD_LIBRARIES = YES;
				CODE_SIGN_STYLE = Automatic;
				INFOPLIST_FILE = LifeCycleDemoUITests/Info.plist;
				LD_RUNPATH_SEARCH_PATHS = (
					"$(inherited)",
					"@executable_path/Frameworks",
					"@loader_path/Frameworks",
				);
				PRODUCT_BUNDLE_IDENTIFIER = com.rickey.LifeCycleDemoUITests;
				PRODUCT_NAME = "$(TARGET_NAME)";
				SWIFT_VERSION = 4.2;
				TARGETED_DEVICE_FAMILY = "1,2";
				TEST_TARGET_NAME = LifeCycleDemo;
			};
			name = Debug;
		};
		6D78478321A2AEF10045B98E /* Release */ = {
			isa = XCBuildConfiguration;
			buildSettings = {
				ALWAYS_EMBED_SWIFT_STANDARD_LIBRARIES = YES;
				CODE_SIGN_STYLE = Automatic;
				INFOPLIST_FILE = LifeCycleDemoUITests/Info.plist;
				LD_RUNPATH_SEARCH_PATHS = (
					"$(inherited)",
					"@executable_path/Frameworks",
					"@loader_path/Frameworks",
				);
				PRODUCT_BUNDLE_IDENTIFIER = com.rickey.LifeCycleDemoUITests;
				PRODUCT_NAME = "$(TARGET_NAME)";
				SWIFT_VERSION = 4.2;
				TARGETED_DEVICE_FAMILY = "1,2";
				TEST_TARGET_NAME = LifeCycleDemo;
			};
			name = Release;
		};
/* End XCBuildConfiguration section */

/* Begin XCConfigurationList section */
		6D78474E21A2AEEF0045B98E /* Build configuration list for PBXProject "LifeCycleDemo" */ = {
			isa = XCConfigurationList;
			buildConfigurations = (
				6D78477921A2AEF10045B98E /* Debug */,
				6D78477A21A2AEF10045B98E /* Release */,
			);
			defaultConfigurationIsVisible = 0;
			defaultConfigurationName = Release;
		};
		6D78477B21A2AEF10045B98E /* Build configuration list for PBXNativeTarget "LifeCycleDemo" */ = {
			isa = XCConfigurationList;
			buildConfigurations = (
				6D78477C21A2AEF10045B98E /* Debug */,
				6D78477D21A2AEF10045B98E /* Release */,
			);
			defaultConfigurationIsVisible = 0;
			defaultConfigurationName = Release;
		};
		6D78477E21A2AEF10045B98E /* Build configuration list for PBXNativeTarget "LifeCycleDemoTests" */ = {
			isa = XCConfigurationList;
			buildConfigurations = (
				6D78477F21A2AEF10045B98E /* Debug */,
				6D78478021A2AEF10045B98E /* Release */,
			);
			defaultConfigurationIsVisible = 0;
			defaultConfigurationName = Release;
		};
		6D78478121A2AEF10045B98E /* Build configuration list for PBXNativeTarget "LifeCycleDemoUITests" */ = {
			isa = XCConfigurationList;
			buildConfigurations = (
				6D78478221A2AEF10045B98E /* Debug */,
				6D78478321A2AEF10045B98E /* Release */,
			);
			defaultConfigurationIsVisible = 0;
			defaultConfigurationName = Release;
		};
/* End XCConfigurationList section */
	};
	rootObject = 6D78474B21A2AEEF0045B98E /* Project object */;
}
